
Microsoft Visual Studio Solution File, Format Version 12.00
# Visual Studio Version 16
VisualStudioVersion = 16.0.30611.23
MinimumVisualStudioVersion = 10.0.40219.1
Project("{888888A0-9F3D-457C-B088-3A5042F75D52}") = "Search4Books_CCBUPT", "Search4Books_CCBUPT.pyproj", "{5A5B038D-A476-4EF8-8A85-474EB768632E}"
EndProject
Global
	GlobalSection(SolutionConfigurationPlatforms) = preSolution
		Debug|Any CPU = Debug|Any CPU
		Release|Any CPU = Release|Any CPU
	EndGlobalSection
	GlobalSection(ProjectConfigurationPlatforms) = postSolution
		{5A5B038D-A476-4EF8-8A85-474EB768632E}.Debug|Any CPU.ActiveCfg = Debug|Any CPU
		{5A5B038D-A476-4EF8-8A85-474EB768632E}.Release|Any CPU.ActiveCfg = Release|Any CPU
	EndGlobalSection
	GlobalSection(SolutionProperties) = preSolution
		HideSolutionNode = FALSE
	EndGlobalSection
	GlobalSection(ExtensibilityGlobals) = postSolution
		SolutionGuid = {0F67FFE1-5EA9-4803-AD35-F38C93579E5C}
	EndGlobalSection
EndGlobal
